# This is a Gradle generated file for dependency locking.
# Manual edits can break the build and are not advised.
# This file is expected to be part of source control.
androidx.activity:activity-compose:1.13.0=debugRuntimeClasspath
androidx.activity:activity-ktx:1.13.0=debugRuntimeClasspath
androidx.activity:activity:1.13.0=debugRuntimeClasspath
androidx.annotation:annotation-experimental:1.5.0=debugRuntimeClasspath
androidx.annotation:annotation-jvm:1.9.1=debugRuntimeClasspath
androidx.annotation:annotation:1.9.1=debugRuntimeClasspath
androidx.arch.core:core-common:2.2.0=debugRuntimeClasspath
androidx.arch.core:core-runtime:2.2.0=debugRuntimeClasspath
androidx.autofill:autofill:1.0.0=debugRuntimeClasspath
androidx.browser:browser:1.10.0=debugRuntimeClasspath
androidx.collection:collection-jvm:1.5.0=debugRuntimeClasspath
androidx.collection:collection-ktx:1.5.0=debugRuntimeClasspath
androidx.collection:collection:1.5.0=debugRuntimeClasspath
androidx.compose.animation:animation-android:1.11.1=debugRuntimeClasspath
androidx.compose.animation:animation-core-android:1.11.1=debugRuntimeClasspath
androidx.compose.animation:animation-core:1.11.1=debugRuntimeClasspath
androidx.compose.animation:animation:1.11.1=debugRuntimeClasspath
androidx.compose.foundation:foundation-android:1.11.1=debugRuntimeClasspath
androidx.compose.foundation:foundation-layout-android:1.11.1=debugRuntimeClasspath
androidx.compose.foundation:foundation-layout:1.11.1=debugRuntimeClasspath
androidx.compose.foundation:foundation:1.11.1=debugRuntimeClasspath
androidx.compose.material3:material3-android:1.4.0=debugRuntimeClasspath
androidx.compose.material3:material3:1.4.0=debugRuntimeClasspath
androidx.compose.material:material-ripple-android:1.9.3=debugRuntimeClasspath
androidx.compose.material:material-ripple:1.9.3=debugRuntimeClasspath
androidx.compose.runtime:runtime-android:1.11.1=debugRuntimeClasspath
androidx.compose.runtime:runtime-annotation-android:1.11.1=debugRuntimeClasspath
androidx.compose.runtime:runtime-annotation:1.11.1=debugRuntimeClasspath
androidx.compose.runtime:runtime-retain-android:1.11.1=debugRuntimeClasspath
androidx.compose.runtime:runtime-retain:1.11.1=debugRuntimeClasspath
androidx.compose.runtime:runtime-saveable-android:1.11.1=debugRuntimeClasspath
androidx.compose.runtime:runtime-saveable:1.11.1=debugRuntimeClasspath
androidx.compose.runtime:runtime:1.11.1=debugRuntimeClasspath
androidx.compose.ui:ui-android:1.11.1=debugRuntimeClasspath
androidx.compose.ui:ui-geometry-android:1.11.1=debugRuntimeClasspath
androidx.compose.ui:ui-geometry:1.11.1=debugRuntimeClasspath
androidx.compose.ui:ui-graphics-android:1.11.1=debugRuntimeClasspath
androidx.compose.ui:ui-graphics:1.11.1=debugRuntimeClasspath
androidx.compose.ui:ui-text-android:1.11.1=debugRuntimeClasspath
androidx.compose.ui:ui-text:1.11.1=debugRuntimeClasspath
androidx.compose.ui:ui-unit-android:1.11.1=debugRuntimeClasspath
androidx.compose.ui:ui-unit:1.11.1=debugRuntimeClasspath
androidx.compose.ui:ui-util-android:1.11.1=debugRuntimeClasspath
androidx.compose.ui:ui-util:1.11.1=debugRuntimeClasspath
androidx.compose.ui:ui:1.11.1=debugRuntimeClasspath
androidx.concurrent:concurrent-futures:1.1.0=debugRuntimeClasspath
androidx.core:core-ktx:1.18.0=debugRuntimeClasspath
androidx.core:core-viewtree:1.0.0=debugRuntimeClasspath
androidx.core:core:1.18.0=debugRuntimeClasspath
androidx.customview:customview-poolingcontainer:1.0.0=debugRuntimeClasspath
androidx.documentfile:documentfile:1.0.0=debugRuntimeClasspath
androidx.dynamicanimation:dynamicanimation:1.0.0=debugRuntimeClasspath
androidx.emoji2:emoji2:1.4.0=debugRuntimeClasspath
androidx.graphics:graphics-path:1.0.1=debugRuntimeClasspath
androidx.interpolator:interpolator:1.0.0=debugRuntimeClasspath
androidx.legacy:legacy-support-core-utils:1.0.0=debugRuntimeClasspath
androidx.lifecycle:lifecycle-common-java8:2.10.0=debugRuntimeClasspath
androidx.lifecycle:lifecycle-common-jvm:2.10.0=debugRuntimeClasspath
androidx.lifecycle:lifecycle-common:2.10.0=debugRuntimeClasspath
androidx.lifecycle:lifecycle-livedata-core-ktx:2.10.0=debugRuntimeClasspath
androidx.lifecycle:lifecycle-livedata-core:2.10.0=debugRuntimeClasspath
androidx.lifecycle:lifecycle-livedata:2.10.0=debugRuntimeClasspath
androidx.lifecycle:lifecycle-process:2.10.0=debugRuntimeClasspath
androidx.lifecycle:lifecycle-runtime-android:2.10.0=debugRuntimeClasspath
androidx.lifecycle:lifecycle-runtime-compose-android:2.10.0=debugRuntimeClasspath
androidx.lifecycle:lifecycle-runtime-compose:2.10.0=debugRuntimeClasspath
androidx.lifecycle:lifecycle-runtime-ktx-android:2.10.0=debugRuntimeClasspath
androidx.lifecycle:lifecycle-runtime-ktx:2.10.0=debugRuntimeClasspath
androidx.lifecycle:lifecycle-runtime:2.10.0=debugRuntimeClasspath
androidx.lifecycle:lifecycle-viewmodel-android:2.10.0=debugRuntimeClasspath
androidx.lifecycle:lifecycle-viewmodel-ktx:2.10.0=debugRuntimeClasspath
androidx.lifecycle:lifecycle-viewmodel-savedstate-android:2.10.0=debugRuntimeClasspath
androidx.lifecycle:lifecycle-viewmodel-savedstate:2.10.0=debugRuntimeClasspath
androidx.lifecycle:lifecycle-viewmodel:2.10.0=debugRuntimeClasspath
androidx.loader:loader:1.0.0=debugRuntimeClasspath
androidx.localbroadcastmanager:localbroadcastmanager:1.0.0=debugRuntimeClasspath
androidx.navigationevent:navigationevent-android:1.0.0=debugRuntimeClasspath
androidx.navigationevent:navigationevent-compose-android:1.0.0=debugRuntimeClasspath
androidx.navigationevent:navigationevent-compose:1.0.0=debugRuntimeClasspath
androidx.navigationevent:navigationevent:1.0.0=debugRuntimeClasspath
androidx.print:print:1.0.0=debugRuntimeClasspath
androidx.profileinstaller:profileinstaller:1.4.0=debugRuntimeClasspath
androidx.room:room-common-jvm:2.8.4=debugRuntimeClasspath
androidx.room:room-common:2.8.4=debugRuntimeClasspath
androidx.room:room-runtime-android:2.8.4=debugRuntimeClasspath
androidx.room:room-runtime:2.8.4=debugRuntimeClasspath
androidx.savedstate:savedstate-android:1.4.0=debugRuntimeClasspath
androidx.savedstate:savedstate-compose-android:1.4.0=debugRuntimeClasspath
androidx.savedstate:savedstate-compose:1.4.0=debugRuntimeClasspath
androidx.savedstate:savedstate-ktx:1.4.0=debugRuntimeClasspath
androidx.savedstate:savedstate:1.4.0=debugRuntimeClasspath
androidx.sqlite:sqlite-android:2.7.0=debugRuntimeClasspath
androidx.sqlite:sqlite-bundled-android:2.7.0=debugRuntimeClasspath
androidx.sqlite:sqlite-bundled:2.7.0=debugRuntimeClasspath
androidx.sqlite:sqlite-framework-android:2.7.0=debugRuntimeClasspath
androidx.sqlite:sqlite-framework:2.7.0=debugRuntimeClasspath
androidx.sqlite:sqlite:2.7.0=debugRuntimeClasspath
androidx.startup:startup-runtime:1.2.0=debugRuntimeClasspath
androidx.tracing:tracing:1.2.0=debugRuntimeClasspath
androidx.transition:transition:1.6.0=debugRuntimeClasspath
androidx.versionedparcelable:versionedparcelable:1.1.1=debugRuntimeClasspath
androidx.window:window-core-android:1.5.0=debugRuntimeClasspath
androidx.window:window-core:1.5.0=debugRuntimeClasspath
androidx.window:window:1.5.0=debugRuntimeClasspath
co.touchlab:kermit-android-debug:2.1.0=debugRuntimeClasspath
co.touchlab:kermit-core-android-debug:2.1.0=debugRuntimeClasspath
co.touchlab:kermit-core:2.1.0=debugRuntimeClasspath
co.touchlab:kermit:2.1.0=debugRuntimeClasspath
com.abovevacant:epitaph:0.1.1=debugRuntimeClasspath
com.google.guava:listenablefuture:1.0=debugRuntimeClasspath
com.russhwolf:multiplatform-settings-android-debug:1.3.0=debugRuntimeClasspath
com.russhwolf:multiplatform-settings-coroutines-android-debug:1.3.0=debugRuntimeClasspath
com.russhwolf:multiplatform-settings-coroutines:1.3.0=debugRuntimeClasspath
com.russhwolf:multiplatform-settings-no-arg-android-debug:1.3.0=debugRuntimeClasspath
com.russhwolf:multiplatform-settings-no-arg:1.3.0=debugRuntimeClasspath
com.russhwolf:multiplatform-settings:1.3.0=debugRuntimeClasspath
com.squareup.okhttp3:okhttp-android:5.3.2=debugRuntimeClasspath
com.squareup.okhttp3:okhttp:5.3.2=debugRuntimeClasspath
com.squareup.okio:okio-jvm:3.17.0=debugRuntimeClasspath
com.squareup.okio:okio:3.17.0=debugRuntimeClasspath
dev.whyoleg.cryptography:cryptography-bigint-jvm:0.6.0=debugRuntimeClasspath
dev.whyoleg.cryptography:cryptography-bigint:0.6.0=debugRuntimeClasspath
dev.whyoleg.cryptography:cryptography-bom:0.6.0=debugRuntimeClasspath
dev.whyoleg.cryptography:cryptography-core-jvm:0.6.0=debugRuntimeClasspath
dev.whyoleg.cryptography:cryptography-core:0.6.0=debugRuntimeClasspath
dev.whyoleg.cryptography:cryptography-provider-base-jvm:0.6.0=debugRuntimeClasspath
dev.whyoleg.cryptography:cryptography-provider-base:0.6.0=debugRuntimeClasspath
dev.whyoleg.cryptography:cryptography-provider-jdk-jvm:0.6.0=debugRuntimeClasspath
dev.whyoleg.cryptography:cryptography-provider-jdk:0.6.0=debugRuntimeClasspath
dev.whyoleg.cryptography:cryptography-provider-optimal-jvm:0.6.0=debugRuntimeClasspath
dev.whyoleg.cryptography:cryptography-provider-optimal:0.6.0=debugRuntimeClasspath
dev.whyoleg.cryptography:cryptography-random-jvm:0.6.0=debugRuntimeClasspath
dev.whyoleg.cryptography:cryptography-random:0.6.0=debugRuntimeClasspath
dev.whyoleg.cryptography:cryptography-serialization-asn1-jvm:0.6.0=debugRuntimeClasspath
dev.whyoleg.cryptography:cryptography-serialization-asn1-modules-jvm:0.6.0=debugRuntimeClasspath
dev.whyoleg.cryptography:cryptography-serialization-asn1-modules:0.6.0=debugRuntimeClasspath
dev.whyoleg.cryptography:cryptography-serialization-asn1:0.6.0=debugRuntimeClasspath
dev.whyoleg.cryptography:cryptography-serialization-pem-jvm:0.6.0=debugRuntimeClasspath
dev.whyoleg.cryptography:cryptography-serialization-pem:0.6.0=debugRuntimeClasspath
io.github.jan-tennert.supabase:auth-kt-android:3.6.0=debugRuntimeClasspath
io.github.jan-tennert.supabase:auth-kt:3.6.0=debugRuntimeClasspath
io.github.jan-tennert.supabase:postgrest-kt-android:3.6.0=debugRuntimeClasspath
io.github.jan-tennert.supabase:postgrest-kt:3.6.0=debugRuntimeClasspath
io.github.jan-tennert.supabase:storage-kt-android:3.6.0=debugRuntimeClasspath
io.github.jan-tennert.supabase:storage-kt:3.6.0=debugRuntimeClasspath
io.github.jan-tennert.supabase:supabase-kt-android:3.6.0=debugRuntimeClasspath
io.github.jan-tennert.supabase:supabase-kt:3.6.0=debugRuntimeClasspath
io.ktor:ktor-client-content-negotiation-jvm:3.4.3=debugRuntimeClasspath
io.ktor:ktor-client-content-negotiation:3.4.3=debugRuntimeClasspath
io.ktor:ktor-client-core-jvm:3.4.3=debugRuntimeClasspath
io.ktor:ktor-client-core:3.4.3=debugRuntimeClasspath
io.ktor:ktor-client-okhttp-jvm:3.4.3=debugRuntimeClasspath
io.ktor:ktor-client-okhttp:3.4.3=debugRuntimeClasspath
io.ktor:ktor-events-jvm:3.4.3=debugRuntimeClasspath
io.ktor:ktor-events:3.4.3=debugRuntimeClasspath
io.ktor:ktor-http-cio-jvm:3.4.3=debugRuntimeClasspath
io.ktor:ktor-http-cio:3.4.3=debugRuntimeClasspath
io.ktor:ktor-http-jvm:3.4.3=debugRuntimeClasspath
io.ktor:ktor-http:3.4.3=debugRuntimeClasspath
io.ktor:ktor-io-jvm:3.4.3=debugRuntimeClasspath
io.ktor:ktor-io:3.4.3=debugRuntimeClasspath
io.ktor:ktor-network-jvm:3.4.3=debugRuntimeClasspath
io.ktor:ktor-network:3.4.3=debugRuntimeClasspath
io.ktor:ktor-serialization-jvm:3.4.3=debugRuntimeClasspath
io.ktor:ktor-serialization-kotlinx-json-jvm:3.4.3=debugRuntimeClasspath
io.ktor:ktor-serialization-kotlinx-json:3.4.3=debugRuntimeClasspath
io.ktor:ktor-serialization-kotlinx-jvm:3.4.3=debugRuntimeClasspath
io.ktor:ktor-serialization-kotlinx:3.4.3=debugRuntimeClasspath
io.ktor:ktor-serialization:3.4.3=debugRuntimeClasspath
io.ktor:ktor-sse-jvm:3.4.3=debugRuntimeClasspath
io.ktor:ktor-sse:3.4.3=debugRuntimeClasspath
io.ktor:ktor-utils-jvm:3.4.3=debugRuntimeClasspath
io.ktor:ktor-utils:3.4.3=debugRuntimeClasspath
io.ktor:ktor-websocket-serialization-jvm:3.4.3=debugRuntimeClasspath
io.ktor:ktor-websocket-serialization:3.4.3=debugRuntimeClasspath
io.ktor:ktor-websockets-jvm:3.4.3=debugRuntimeClasspath
io.ktor:ktor-websockets:3.4.3=debugRuntimeClasspath
io.sentry:sentry-android-core:8.41.0=debugRuntimeClasspath
io.sentry:sentry-android-ndk:8.41.0=debugRuntimeClasspath
io.sentry:sentry-android-replay:8.41.0=debugRuntimeClasspath
io.sentry:sentry-android:8.41.0=debugRuntimeClasspath
io.sentry:sentry-kotlin-multiplatform-android:0.27.0=debugRuntimeClasspath
io.sentry:sentry-kotlin-multiplatform:0.27.0=debugRuntimeClasspath
io.sentry:sentry-native-ndk:0.14.0=debugRuntimeClasspath
io.sentry:sentry:8.41.0=debugRuntimeClasspath
org.jetbrains.androidx.lifecycle:lifecycle-common:2.9.6=debugRuntimeClasspath
org.jetbrains.androidx.lifecycle:lifecycle-runtime-compose:2.9.6=debugRuntimeClasspath
org.jetbrains.androidx.lifecycle:lifecycle-runtime:2.9.6=debugRuntimeClasspath
org.jetbrains.androidx.lifecycle:lifecycle-viewmodel-savedstate:2.9.6=debugRuntimeClasspath
org.jetbrains.androidx.lifecycle:lifecycle-viewmodel:2.9.6=debugRuntimeClasspath
org.jetbrains.androidx.savedstate:savedstate-compose:1.3.6=debugRuntimeClasspath
org.jetbrains.androidx.savedstate:savedstate:1.3.6=debugRuntimeClasspath
org.jetbrains.compose.animation:animation-core:1.11.0=debugRuntimeClasspath
org.jetbrains.compose.animation:animation:1.11.0=debugRuntimeClasspath
org.jetbrains.compose.annotation-internal:annotation:1.9.1=debugRuntimeClasspath
org.jetbrains.compose.collection-internal:collection:1.9.1=debugRuntimeClasspath
org.jetbrains.compose.components:components-resources-android:1.11.0=debugRuntimeClasspath
org.jetbrains.compose.components:components-resources:1.11.0=debugRuntimeClasspath
org.jetbrains.compose.foundation:foundation-layout:1.11.0=debugRuntimeClasspath
org.jetbrains.compose.foundation:foundation:1.11.0=debugRuntimeClasspath
org.jetbrains.compose.material3:material3:1.9.0=debugRuntimeClasspath
org.jetbrains.compose.material:material-ripple:1.9.1=debugRuntimeClasspath
org.jetbrains.compose.runtime:runtime-saveable:1.11.0=debugRuntimeClasspath
org.jetbrains.compose.runtime:runtime:1.11.0=debugRuntimeClasspath
org.jetbrains.compose.ui:ui-backhandler-android-debug:1.9.1=debugRuntimeClasspath
org.jetbrains.compose.ui:ui-backhandler:1.9.1=debugRuntimeClasspath
org.jetbrains.compose.ui:ui-geometry:1.11.0=debugRuntimeClasspath
org.jetbrains.compose.ui:ui-graphics:1.11.0=debugRuntimeClasspath
org.jetbrains.compose.ui:ui-text:1.11.0=debugRuntimeClasspath
org.jetbrains.compose.ui:ui-unit:1.11.0=debugRuntimeClasspath
org.jetbrains.compose.ui:ui-util:1.11.0=debugRuntimeClasspath
org.jetbrains.compose.ui:ui:1.11.0=debugRuntimeClasspath
org.jetbrains.kotlin:kotlin-reflect:2.3.21=debugRuntimeClasspath
org.jetbrains.kotlin:kotlin-stdlib-jdk7:1.9.24=debugRuntimeClasspath
org.jetbrains.kotlin:kotlin-stdlib-jdk8:1.9.24=debugRuntimeClasspath
org.jetbrains.kotlin:kotlin-stdlib:2.4.10=debugCompileClasspath,debugRuntimeClasspath
org.jetbrains.kotlinx:kotlinx-collections-immutable-jvm:0.4.0=debugRuntimeClasspath
org.jetbrains.kotlinx:kotlinx-collections-immutable:0.4.0=debugRuntimeClasspath
org.jetbrains.kotlinx:kotlinx-coroutines-android:1.11.0=debugRuntimeClasspath
org.jetbrains.kotlinx:kotlinx-coroutines-bom:1.11.0=debugRuntimeClasspath
org.jetbrains.kotlinx:kotlinx-coroutines-core-jvm:1.11.0=debugRuntimeClasspath
org.jetbrains.kotlinx:kotlinx-coroutines-core:1.11.0=debugRuntimeClasspath
org.jetbrains.kotlinx:kotlinx-coroutines-slf4j:1.11.0=debugRuntimeClasspath
org.jetbrains.kotlinx:kotlinx-datetime-jvm:0.7.1=debugRuntimeClasspath
org.jetbrains.kotlinx:kotlinx-datetime:0.7.1=debugRuntimeClasspath
org.jetbrains.kotlinx:kotlinx-io-bytestring-jvm:0.9.0=debugRuntimeClasspath
org.jetbrains.kotlinx:kotlinx-io-bytestring:0.9.0=debugRuntimeClasspath
org.jetbrains.kotlinx:kotlinx-io-core-jvm:0.9.0=debugRuntimeClasspath
org.jetbrains.kotlinx:kotlinx-io-core:0.9.0=debugRuntimeClasspath
org.jetbrains.kotlinx:kotlinx-serialization-bom:1.11.0=debugRuntimeClasspath
org.jetbrains.kotlinx:kotlinx-serialization-core-jvm:1.11.0=debugRuntimeClasspath
org.jetbrains.kotlinx:kotlinx-serialization-core:1.11.0=debugRuntimeClasspath
org.jetbrains.kotlinx:kotlinx-serialization-json-io-jvm:1.11.0=debugRuntimeClasspath
org.jetbrains.kotlinx:kotlinx-serialization-json-io:1.11.0=debugRuntimeClasspath
org.jetbrains.kotlinx:kotlinx-serialization-json-jvm:1.11.0=debugRuntimeClasspath
org.jetbrains.kotlinx:kotlinx-serialization-json:1.11.0=debugRuntimeClasspath
org.jetbrains:annotations:13.0=debugCompileClasspath
org.jetbrains:annotations:23.0.0=debugRuntimeClasspath
org.jspecify:jspecify:1.0.0=debugRuntimeClasspath
org.slf4j:slf4j-api:2.0.17=debugRuntimeClasspath
empty=androidApis,androidJdkImage,debugAnnotationProcessorClasspath,debugReverseMetadataValues
